
Microsoft Visual Studio Solution File, Format Version 12.00
# Visual Studio Version 17
VisualStudioVersion = 17.10.35013.160
MinimumVisualStudioVersion = 10.0.40219.1
Project("{FAE04EC0-301F-11D3-BF4B-00C04F79EFBC}") = "NoteTakerApp", "NoteTakerApp\NoteTakerApp.csproj", "{2825DAE9-8AAF-47C9-81BB-C15A68DA5205}"
EndProject
Global
	GlobalSection(SolutionConfigurationPlatforms) = preSolution
		Debug|Any CPU = Debug|Any CPU
		Release|Any CPU = Release|Any CPU
	EndGlobalSection
	GlobalSection(ProjectConfigurationPlatforms) = postSolution
		{2825DAE9-8AAF-47C9-81BB-C15A68DA5205}.Debug|Any CPU.ActiveCfg = Debug|Any CPU
		{2825DAE9-8AAF-47C9-81BB-C15A68DA5205}.Debug|Any CPU.Build.0 = Debug|Any CPU
		{2825DAE9-8AAF-47C9-81BB-C15A68DA5205}.Release|Any CPU.ActiveCfg = Release|Any CPU
		{2825DAE9-8AAF-47C9-81BB-C15A68DA5205}.Release|Any CPU.Build.0 = Release|Any CPU
	EndGlobalSection
	GlobalSection(SolutionProperties) = preSolution
		HideSolutionNode = FALSE
	EndGlobalSection
	GlobalSection(ExtensibilityGlobals) = postSolution
		SolutionGuid = {2A366020-0AA1-4896-8754-EF7835AE1103}
	EndGlobalSection
EndGlobal
